// !$*UTF8*$!
{
	archiveVersion = 1;
	classes = {
	};
	objectVersion = 77;
	objects = {

/* Begin PBXBuildFile section */
		BAB04F2E2DF00D2400606B9B /* .gitignore in Resources */ = {isa = PBXBuildFile; fileRef = BAB04F2D2DF00D1E00606B9B /* .gitignore */; };
/* End PBXBuildFile section */

/* Begin PBXContainerItemProxy section */
		BAB04F112DF00D0900606B9B /* PBXContainerItemProxy */ = {
			isa = PBXContainerItemProxy;
			containerPortal = BAB04EFB2DF00D0700606B9B /* Project object */;
			proxyType = 1;
			remoteGlobalIDString = BAB04F022DF00D0700606B9B;
			remoteInfo = TradingTools;
		};
		BAB04F1B2DF00D0900606B9B /* PBXContainerItemProxy */ = {
			isa = PBXContainerItemProxy;
			containerPortal = BAB04EFB2DF00D0700606B9B /* Project object */;
			proxyType = 1;
			remoteGlobalIDString = BAB04F022DF00D0700606B9B;
			remoteInfo = TradingTools;
		};
/* End PBXContainerItemProxy section */

/* Begin PBXFileReference section */
		BAB04F032DF00D0700606B9B /* TradingTools.app */ = {isa = PBXFileReference; explicitFileType = wrapper.application; includeInIndex = 0; path = TradingTools.app; sourceTree = BUILT_PRODUCTS_DIR; };
		BAB04F102DF00D0900606B9B /* TradingToolsTests.xctest */ = {isa = PBXFileReference; explicitFileType = wrapper.cfbundle; includeInIndex = 0; path = TradingToolsTests.xctest; sourceTree = BUILT_PRODUCTS_DIR; };
		BAB04F1A2DF00D0900606B9B /* TradingToolsUITests.xctest */ = {isa = PBXFileReference; explicitFileType = wrapper.cfbundle; includeInIndex = 0; path = TradingToolsUITests.xctest; sourceTree = BUILT_PRODUCTS_DIR; };
		BAB04F2D2DF00D1E00606B9B /* .gitignore */ = {isa = PBXFileReference; lastKnownFileType = text; path = .gitignore; sourceTree = "<group>"; };
/* End PBXFileReference section */

/* Begin PBXFileSystemSynchronizedRootGroup section */
		BAB04F052DF00D0700606B9B /* TradingTools */ = {
			isa = PBXFileSystemSynchronizedRootGroup;
			path = TradingTools;
			sourceTree = "<group>";
		};
		BAB04F132DF00D0900606B9B /* TradingToolsTests */ = {
			isa = PBXFileSystemSynchronizedRootGroup;
			path = TradingToolsTests;
			sourceTree = "<group>";
		};
		BAB04F1D2DF00D0900606B9B /* TradingToolsUITests */ = {
			isa = PBXFileSystemSynchronizedRootGroup;
			path = TradingToolsUITests;
			sourceTree = "<group>";
		};
/* End PBXFileSystemSynchronizedRootGroup section */

/* Begin PBXFrameworksBuildPhase section */
		BAB04F002DF00D0700606B9B /* Frameworks */ = {
			isa = PBXFrameworksBuildPhase;
			buildActionMask = 2147483647;
			files = (
			);
			runOnlyForDeploymentPostprocessing = 0;
		};
		BAB04F0D2DF00D0900606B9B /* Frameworks */ = {
			isa = PBXFrameworksBuildPhase;
			buildActionMask = 2147483647;
			files = (
			);
			runOnlyForDeploymentPostprocessing = 0;
		};
		BAB04F172DF00D0900606B9B /* Frameworks */ = {
			isa = PBXFrameworksBuildPhase;
			buildActionMask = 2147483647;
			files = (
			);
			runOnlyForDeploymentPostprocessing = 0;
		};
/* End PBXFrameworksBuildPhase section */

/* Begin PBXGroup section */
		BAB04EFA2DF00D0700606B9B = {
			isa = PBXGroup;
			children = (
				BAB04F2D2DF00D1E00606B9B /* .gitignore */,
				BAB04F052DF00D0700606B9B /* TradingTools */,
				BAB04F132DF00D0900606B9B /* TradingToolsTests */,
				BAB04F1D2DF00D0900606B9B /* TradingToolsUITests */,
				BAB04F042DF00D0700606B9B /* Products */,
			);
			sourceTree = "<group>";
		};
		BAB04F042DF00D0700606B9B /* Products */ = {
			isa = PBXGroup;
			children = (
				BAB04F032DF00D0700606B9B /* TradingTools.app */,
				BAB04F102DF00D0900606B9B /* TradingToolsTests.xctest */,
				BAB04F1A2DF00D0900606B9B /* TradingToolsUITests.xctest */,
			);
			name = Products;
			sourceTree = "<group>";
		};
/* End PBXGroup section */

/* Begin PBXNativeTarget section */
		BAB04F022DF00D0700606B9B /* TradingTools */ = {
			isa = PBXNativeTarget;
			buildConfigurationList = BAB04F242DF00D0900606B9B /* Build configuration list for PBXNativeTarget "TradingTools" */;
			buildPhases = (
				BAB04EFF2DF00D0700606B9B /* Sources */,
				BAB04F002DF00D0700606B9B /* Frameworks */,
				BAB04F012DF00D0700606B9B /* Resources */,
			);
			buildRules = (
			);
			dependencies = (
			);
			fileSystemSynchronizedGroups = (
				BAB04F052DF00D0700606B9B /* TradingTools */,
			);
			name = TradingTools;
			packageProductDependencies = (
			);
			productName = TradingTools;
			productReference = BAB04F032DF00D0700606B9B /* TradingTools.app */;
			productType = "com.apple.product-type.application";
		};
		BAB04F0F2DF00D0900606B9B /* TradingToolsTests */ = {
			isa = PBXNativeTarget;
			buildConfigurationList = BAB04F272DF00D0900606B9B /* Build configuration list for PBXNativeTarget "TradingToolsTests" */;
			buildPhases = (
				BAB04F0C2DF00D0900606B9B /* Sources */,
				BAB04F0D2DF00D0900606B9B /* Frameworks */,
				BAB04F0E2DF00D0900606B9B /* Resources */,
			);
			buildRules = (
			);
			dependencies = (
				BAB04F122DF00D0900606B9B /* PBXTargetDependency */,
			);
			fileSystemSynchronizedGroups = (
				BAB04F132DF00D0900606B9B /* TradingToolsTests */,
			);
			name = TradingToolsTests;
			packageProductDependencies = (
			);
			productName = TradingToolsTests;
			productReference = BAB04F102DF00D0900606B9B /* TradingToolsTests.xctest */;
			productType = "com.apple.product-type.bundle.unit-test";
		};
		BAB04F192DF00D0900606B9B /* TradingToolsUITests */ = {
			isa = PBXNativeTarget;
			buildConfigurationList = BAB04F2A2DF00D0900606B9B /* Build configuration list for PBXNativeTarget "TradingToolsUITests" */;
			buildPhases = (
				BAB04F162DF00D0900606B9B /* Sources */,
				BAB04F172DF00D0900606B9B /* Frameworks */,
				BAB04F182DF00D0900606B9B /* Resources */,
			);
			buildRules = (
			);
			dependencies = (
				BAB04F1C2DF00D0900606B9B /* PBXTargetDependency */,
			);
			fileSystemSynchronizedGroups = (
				BAB04F1D2DF00D0900606B9B /* TradingToolsUITests */,
			);
			name = TradingToolsUITests;
			packageProductDependencies = (
			);
			productName = TradingToolsUITests;
			productReference = BAB04F1A2DF00D0900606B9B /* TradingToolsUITests.xctest */;
			productType = "com.apple.product-type.bundle.ui-testing";
		};
/* End PBXNativeTarget section */

/* Begin PBXProject section */
		BAB04EFB2DF00D0700606B9B /* Project object */ = {
			isa = PBXProject;
			attributes = {
				BuildIndependentTargetsInParallel = 1;
				LastSwiftUpdateCheck = 1630;
				LastUpgradeCheck = 1630;
				TargetAttributes = {
					BAB04F022DF00D0700606B9B = {
						CreatedOnToolsVersion = 16.3;
					};
					BAB04F0F2DF00D0900606B9B = {
						CreatedOnToolsVersion = 16.3;
						TestTargetID = BAB04F022DF00D0700606B9B;
					};
					BAB04F192DF00D0900606B9B = {
						CreatedOnToolsVersion = 16.3;
						TestTargetID = BAB04F022DF00D0700606B9B;
					};
				};
			};
			buildConfigurationList = BAB04EFE2DF00D0700606B9B /* Build configuration list for PBXProject "TradingTools" */;
			developmentRegion = en;
			hasScannedForEncodings = 0;
			knownRegions = (
				en,
				Base,
			);
			mainGroup = BAB04EFA2DF00D0700606B9B;
			minimizedProjectReferenceProxies = 1;
			preferredProjectObjectVersion = 77;
			productRefGroup = BAB04F042DF00D0700606B9B /* Products */;
			projectDirPath = "";
			projectRoot = "";
			targets = (
				BAB04F022DF00D0700606B9B /* TradingTools */,
				BAB04F0F2DF00D0900606B9B /* TradingToolsTests */,
				BAB04F192DF00D0900606B9B /* TradingToolsUITests */,
			);
		};
/* End PBXProject section */

/* Begin PBXResourcesBuildPhase section */
		BAB04F012DF00D0700606B9B /* Resources */ = {
			isa = PBXResourcesBuildPhase;
			buildActionMask = 2147483647;
			files = (
				BAB04F2E2DF00D2400606B9B /* .gitignore in Resources */,
			);
			runOnlyForDeploymentPostprocessing = 0;
		};
		BAB04F0E2DF00D0900606B9B /* Resources */ = {
			isa = PBXResourcesBuildPhase;
			buildActionMask = 2147483647;
			files = (
			);
			runOnlyForDeploymentPostprocessing = 0;
		};
		BAB04F182DF00D0900606B9B /* Resources */ = {
			isa = PBXResourcesBuildPhase;
			buildActionMask = 2147483647;
			files = (
			);
			runOnlyForDeploymentPostprocessing = 0;
		};
/* End PBXResourcesBuildPhase section */

/* Begin PBXSourcesBuildPhase section */
		BAB04EFF2DF00D0700606B9B /* Sources */ = {
			isa = PBXSourcesBuildPhase;
			buildActionMask = 2147483647;
			files = (
			);
			runOnlyForDeploymentPostprocessing = 0;
		};
		BAB04F0C2DF00D0900606B9B /* Sources */ = {
			isa = PBXSourcesBuildPhase;
			buildActionMask = 2147483647;
			files = (
			);
			runOnlyForDeploymentPostprocessing = 0;
		};
		BAB04F162DF00D0900606B9B /* Sources */ = {
			isa = PBXSourcesBuildPhase;
			buildActionMask = 2147483647;
			files = (
			);
			runOnlyForDeploymentPostprocessing = 0;
		};
/* End PBXSourcesBuildPhase section */

/* Begin PBXTargetDependency section */
		BAB04F122DF00D0900606B9B /* PBXTargetDependency */ = {
			isa = PBXTargetDependency;
			target = BAB04F022DF00D0700606B9B /* TradingTools */;
			targetProxy = BAB04F112DF00D0900606B9B /* PBXContainerItemProxy */;
		};
		BAB04F1C2DF00D0900606B9B /* PBXTargetDependency */ = {
			isa = PBXTargetDependency;
			target = BAB04F022DF00D0700606B9B /* TradingTools */;
			targetProxy = BAB04F1B2DF00D0900606B9B /* PBXContainerItemProxy */;
		};
/* End PBXTargetDependency section */

/* Begin XCBuildConfiguration section */
		BAB04F222DF00D0900606B9B /* Debug */ = {
			isa = XCBuildConfiguration;
			buildSettings = {
				ALWAYS_SEARCH_USER_PATHS = NO;
				ASSETCATALOG_COMPILER_GENERATE_SWIFT_ASSET_SYMBOL_EXTENSIONS = YES;
				CLANG_ANALYZER_NONNULL = YES;
				CLANG_ANALYZER_NUMBER_OBJECT_CONVERSION = YES_AGGRESSIVE;
				CLANG_CXX_LANGUAGE_STANDARD = "gnu++20";
				CLANG_ENABLE_MODULES = YES;
				CLANG_ENABLE_OBJC_ARC = YES;
				CLANG_ENABLE_OBJC_WEAK = YES;
				CLANG_WARN_BLOCK_CAPTURE_AUTORELEASING = YES;
				CLANG_WARN_BOOL_CONVERSION = YES;
				CLANG_WARN_COMMA = YES;
				CLANG_WARN_CONSTANT_CONVERSION = YES;
				CLANG_WARN_DEPRECATED_OBJC_IMPLEMENTATIONS = YES;
				CLANG_WARN_DIRECT_OBJC_ISA_USAGE = YES_ERROR;
				CLANG_WARN_DOCUMENTATION_COMMENTS = YES;
				CLANG_WARN_EMPTY_BODY = YES;
				CLANG_WARN_ENUM_CONVERSION = YES;
				CLANG_WARN_INFINITE_RECURSION = YES;
				CLANG_WARN_INT_CONVERSION = YES;
				CLANG_WARN_NON_LITERAL_NULL_CONVERSION = YES;
				CLANG_WARN_OBJC_IMPLICIT_RETAIN_SELF = YES;
				CLANG_WARN_OBJC_LITERAL_CONVERSION = YES;
				CLANG_WARN_OBJC_ROOT_CLASS = YES_ERROR;
				CLANG_WARN_QUOTED_INCLUDE_IN_FRAMEWORK_HEADER = YES;
				CLANG_WARN_RANGE_LOOP_ANALYSIS = YES;
				CLANG_WARN_STRICT_PROTOTYPES = YES;
				CLANG_WARN_SUSPICIOUS_MOVE = YES;
				CLANG_WARN_UNGUARDED_AVAILABILITY = YES_AGGRESSIVE;
				CLANG_WARN_UNREACHABLE_CODE = YES;
				CLANG_WARN__DUPLICATE_METHOD_MATCH = YES;
				COPY_PHASE_STRIP = NO;
				DEBUG_INFORMATION_FORMAT = dwarf;
				ENABLE_STRICT_OBJC_MSGSEND = YES;
				ENABLE_TESTABILITY = YES;
				ENABLE_USER_SCRIPT_SANDBOXING = YES;
				GCC_C_LANGUAGE_STANDARD = gnu17;
				GCC_DYNAMIC_NO_PIC = NO;
				GCC_NO_COMMON_BLOCKS = YES;
				GCC_OPTIMIZATION_LEVEL = 0;
				GCC_PREPROCESSOR_DEFINITIONS = (
					"DEBUG=1",
					"$(inherited)",
				);
				GCC_WARN_64_TO_32_BIT_CONVERSION = YES;
				GCC_WARN_ABOUT_RETURN_TYPE = YES_ERROR;
				GCC_WARN_UNDECLARED_SELECTOR = YES;
				GCC_WARN_UNINITIALIZED_AUTOS = YES_AGGRESSIVE;
				GCC_WARN_UNUSED_FUNCTION = YES;
				GCC_WARN_UNUSED_VARIABLE = YES;
				IPHONEOS_DEPLOYMENT_TARGET = 18.4;
				LOCALIZATION_PREFERS_STRING_CATALOGS = YES;
				MTL_ENABLE_DEBUG_INFO = INCLUDE_SOURCE;
				MTL_FAST_MATH = YES;
				ONLY_ACTIVE_ARCH = YES;
				SDKROOT = iphoneos;
				SWIFT_ACTIVE_COMPILATION_CONDITIONS = "DEBUG $(inherited)";
				SWIFT_OPTIMIZATION_LEVEL = "-Onone";
			};
			name = Debug;
		};
		BAB04F232DF00D0900606B9B /* Release */ = {
			isa = XCBuildConfiguration;
			buildSettings = {
				ALWAYS_SEARCH_USER_PATHS = NO;
				ASSETCATALOG_COMPILER_GENERATE_SWIFT_ASSET_SYMBOL_EXTENSIONS = YES;
				CLANG_ANALYZER_NONNULL = YES;
				CLANG_ANALYZER_NUMBER_OBJECT_CONVERSION = YES_AGGRESSIVE;
				CLANG_CXX_LANGUAGE_STANDARD = "gnu++20";
				CLANG_ENABLE_MODULES = YES;
				CLANG_ENABLE_OBJC_ARC = YES;
				CLANG_ENABLE_OBJC_WEAK = YES;
				CLANG_WARN_BLOCK_CAPTURE_AUTORELEASING = YES;
				CLANG_WARN_BOOL_CONVERSION = YES;
				CLANG_WARN_COMMA = YES;
				CLANG_WARN_CONSTANT_CONVERSION = YES;
				CLANG_WARN_DEPRECATED_OBJC_IMPLEMENTATIONS = YES;
				CLANG_WARN_DIRECT_OBJC_ISA_USAGE = YES_ERROR;
				CLANG_WARN_DOCUMENTATION_COMMENTS = YES;
				CLANG_WARN_EMPTY_BODY = YES;
				CLANG_WARN_ENUM_CONVERSION = YES;
				CLANG_WARN_INFINITE_RECURSION = YES;
				CLANG_WARN_INT_CONVERSION = YES;
				CLANG_WARN_NON_LITERAL_NULL_CONVERSION = YES;
				CLANG_WARN_OBJC_IMPLICIT_RETAIN_SELF = YES;
				CLANG_WARN_OBJC_LITERAL_CONVERSION = YES;
				CLANG_WARN_OBJC_ROOT_CLASS = YES_ERROR;
				CLANG_WARN_QUOTED_INCLUDE_IN_FRAMEWORK_HEADER = YES;
				CLANG_WARN_RANGE_LOOP_ANALYSIS = YES;
				CLANG_WARN_STRICT_PROTOTYPES = YES;
				CLANG_WARN_SUSPICIOUS_MOVE = YES;
				CLANG_WARN_UNGUARDED_AVAILABILITY = YES_AGGRESSIVE;
				CLANG_WARN_UNREACHABLE_CODE = YES;
				CLANG_WARN__DUPLICATE_METHOD_MATCH = YES;
				COPY_PHASE_STRIP = NO;
				DEBUG_INFORMATION_FORMAT = "dwarf-with-dsym";
				ENABLE_NS_ASSERTIONS = NO;
				ENABLE_STRICT_OBJC_MSGSEND = YES;
				ENABLE_USER_SCRIPT_SANDBOXING = YES;
				GCC_C_LANGUAGE_STANDARD = gnu17;
				GCC_NO_COMMON_BLOCKS = YES;
				GCC_WARN_64_TO_32_BIT_CONVERSION = YES;
				GCC_WARN_ABOUT_RETURN_TYPE = YES_ERROR;
				GCC_WARN_UNDECLARED_SELECTOR = YES;
				GCC_WARN_UNINITIALIZED_AUTOS = YES_AGGRESSIVE;
				GCC_WARN_UNUSED_FUNCTION = YES;
				GCC_WARN_UNUSED_VARIABLE = YES;
				IPHONEOS_DEPLOYMENT_TARGET = 18.4;
				LOCALIZATION_PREFERS_STRING_CATALOGS = YES;
				MTL_ENABLE_DEBUG_INFO = NO;
				MTL_FAST_MATH = YES;
				SDKROOT = iphoneos;
				SWIFT_COMPILATION_MODE = wholemodule;
				VALIDATE_PRODUCT = YES;
			};
			name = Release;
		};
		BAB04F252DF00D0900606B9B /* Debug */ = {
			isa = XCBuildConfiguration;
			buildSettings = {
				ASSETCATALOG_COMPILER_APPICON_NAME = AppIcon;
				ASSETCATALOG_COMPILER_GLOBAL_ACCENT_COLOR_NAME = AccentColor;
				CODE_SIGN_STYLE = Automatic;
				CURRENT_PROJECT_VERSION = 1;
				ENABLE_PREVIEWS = YES;
				GENERATE_INFOPLIST_FILE = YES;
				INFOPLIST_KEY_UIApplicationSceneManifest_Generation = YES;
				INFOPLIST_KEY_UIApplicationSupportsIndirectInputEvents = YES;
				INFOPLIST_KEY_UILaunchScreen_Generation = YES;
				INFOPLIST_KEY_UISupportedInterfaceOrientations_iPad = "UIInterfaceOrientationPortrait UIInterfaceOrientationPortraitUpsideDown UIInterfaceOrientationLandscapeLeft UIInterfaceOrientationLandscapeRight";
				INFOPLIST_KEY_UISupportedInterfaceOrientations_iPhone = "UIInterfaceOrientationPortrait UIInterfaceOrientationLandscapeLeft UIInterfaceOrientationLandscapeRight";
				LD_RUNPATH_SEARCH_PATHS = (
					"$(inherited)",
					"@executable_path/Frameworks",
				);
				MARKETING_VERSION = 1.0;
				PRODUCT_BUNDLE_IDENTIFIER = ender.TradingTools;
				PRODUCT_NAME = "$(TARGET_NAME)";
				SWIFT_EMIT_LOC_STRINGS = YES;
				SWIFT_VERSION = 5.0;
				TARGETED_DEVICE_FAMILY = "1,2";
			};
			name = Debug;
		};
		BAB04F262DF00D0900606B9B /* Release */ = {
			isa = XCBuildConfiguration;
			buildSettings = {
				ASSETCATALOG_COMPILER_APPICON_NAME = AppIcon;
				ASSETCATALOG_COMPILER_GLOBAL_ACCENT_COLOR_NAME = AccentColor;
				CODE_SIGN_STYLE = Automatic;
				CURRENT_PROJECT_VERSION = 1;
				ENABLE_PREVIEWS = YES;
				GENERATE_INFOPLIST_FILE = YES;
				INFOPLIST_KEY_UIApplicationSceneManifest_Generation = YES;
				INFOPLIST_KEY_UIApplicationSupportsIndirectInputEvents = YES;
				INFOPLIST_KEY_UILaunchScreen_Generation = YES;
				INFOPLIST_KEY_UISupportedInterfaceOrientations_iPad = "UIInterfaceOrientationPortrait UIInterfaceOrientationPortraitUpsideDown UIInterfaceOrientationLandscapeLeft UIInterfaceOrientationLandscapeRight";
				INFOPLIST_KEY_UISupportedInterfaceOrientations_iPhone = "UIInterfaceOrientationPortrait UIInterfaceOrientationLandscapeLeft UIInterfaceOrientationLandscapeRight";
				LD_RUNPATH_SEARCH_PATHS = (
					"$(inherited)",
					"@executable_path/Frameworks",
				);
				MARKETING_VERSION = 1.0;
				PRODUCT_BUNDLE_IDENTIFIER = ender.TradingTools;
				PRODUCT_NAME = "$(TARGET_NAME)";
				SWIFT_EMIT_LOC_STRINGS = YES;
				SWIFT_VERSION = 5.0;
				TARGETED_DEVICE_FAMILY = "1,2";
			};
			name = Release;
		};
		BAB04F282DF00D0900606B9B /* Debug */ = {
			isa = XCBuildConfiguration;
			buildSettings = {
				BUNDLE_LOADER = "$(TEST_HOST)";
				CODE_SIGN_STYLE = Automatic;
				CURRENT_PROJECT_VERSION = 1;
				GENERATE_INFOPLIST_FILE = YES;
				IPHONEOS_DEPLOYMENT_TARGET = 18.4;
				MARKETING_VERSION = 1.0;
				PRODUCT_BUNDLE_IDENTIFIER = ender.TradingToolsTests;
				PRODUCT_NAME = "$(TARGET_NAME)";
				SWIFT_EMIT_LOC_STRINGS = NO;
				SWIFT_VERSION = 5.0;
				TARGETED_DEVICE_FAMILY = "1,2";
				TEST_HOST = "$(BUILT_PRODUCTS_DIR)/TradingTools.app/$(BUNDLE_EXECUTABLE_FOLDER_PATH)/TradingTools";
			};
			name = Debug;
		};
		BAB04F292DF00D0900606B9B /* Release */ = {
			isa = XCBuildConfiguration;
			buildSettings = {
				BUNDLE_LOADER = "$(TEST_HOST)";
				CODE_SIGN_STYLE = Automatic;
				CURRENT_PROJECT_VERSION = 1;
				GENERATE_INFOPLIST_FILE = YES;
				IPHONEOS_DEPLOYMENT_TARGET = 18.4;
				MARKETING_VERSION = 1.0;
				PRODUCT_BUNDLE_IDENTIFIER = ender.TradingToolsTests;
				PRODUCT_NAME = "$(TARGET_NAME)";
				SWIFT_EMIT_LOC_STRINGS = NO;
				SWIFT_VERSION = 5.0;
				TARGETED_DEVICE_FAMILY = "1,2";
				TEST_HOST = "$(BUILT_PRODUCTS_DIR)/TradingTools.app/$(BUNDLE_EXECUTABLE_FOLDER_PATH)/TradingTools";
			};
			name = Release;
		};
		BAB04F2B2DF00D0900606B9B /* Debug */ = {
			isa = XCBuildConfiguration;
			buildSettings = {
				CODE_SIGN_STYLE = Automatic;
				CURRENT_PROJECT_VERSION = 1;
				GENERATE_INFOPLIST_FILE = YES;
				MARKETING_VERSION = 1.0;
				PRODUCT_BUNDLE_IDENTIFIER = ender.TradingToolsUITests;
				PRODUCT_NAME = "$(TARGET_NAME)";
				SWIFT_EMIT_LOC_STRINGS = NO;
				SWIFT_VERSION = 5.0;
				TARGETED_DEVICE_FAMILY = "1,2";
				TEST_TARGET_NAME = TradingTools;
			};
			name = Debug;
		};
		BAB04F2C2DF00D0900606B9B /* Release */ = {
			isa = XCBuildConfiguration;
			buildSettings = {
				CODE_SIGN_STYLE = Automatic;
				CURRENT_PROJECT_VERSION = 1;
				GENERATE_INFOPLIST_FILE = YES;
				MARKETING_VERSION = 1.0;
				PRODUCT_BUNDLE_IDENTIFIER = ender.TradingToolsUITests;
				PRODUCT_NAME = "$(TARGET_NAME)";
				SWIFT_EMIT_LOC_STRINGS = NO;
				SWIFT_VERSION = 5.0;
				TARGETED_DEVICE_FAMILY = "1,2";
				TEST_TARGET_NAME = TradingTools;
			};
			name = Release;
		};
/* End XCBuildConfiguration section */

/* Begin XCConfigurationList section */
		BAB04EFE2DF00D0700606B9B /* Build configuration list for PBXProject "TradingTools" */ = {
			isa = XCConfigurationList;
			buildConfigurations = (
				BAB04F222DF00D0900606B9B /* Debug */,
				BAB04F232DF00D0900606B9B /* Release */,
			);
			defaultConfigurationIsVisible = 0;
			defaultConfigurationName = Release;
		};
		BAB04F242DF00D0900606B9B /* Build configuration list for PBXNativeTarget "TradingTools" */ = {
			isa = XCConfigurationList;
			buildConfigurations = (
				BAB04F252DF00D0900606B9B /* Debug */,
				BAB04F262DF00D0900606B9B /* Release */,
			);
			defaultConfigurationIsVisible = 0;
			defaultConfigurationName = Release;
		};
		BAB04F272DF00D0900606B9B /* Build configuration list for PBXNativeTarget "TradingToolsTests" */ = {
			isa = XCConfigurationList;
			buildConfigurations = (
				BAB04F282DF00D0900606B9B /* Debug */,
				BAB04F292DF00D0900606B9B /* Release */,
			);
			defaultConfigurationIsVisible = 0;
			defaultConfigurationName = Release;
		};
		BAB04F2A2DF00D0900606B9B /* Build configuration list for PBXNativeTarget "TradingToolsUITests" */ = {
			isa = XCConfigurationList;
			buildConfigurations = (
				BAB04F2B2DF00D0900606B9B /* Debug */,
				BAB04F2C2DF00D0900606B9B /* Release */,
			);
			defaultConfigurationIsVisible = 0;
			defaultConfigurationName = Release;
		};
/* End XCConfigurationList section */
	};
	rootObject = BAB04EFB2DF00D0700606B9B /* Project object */;
}
